
Microsoft Visual Studio Solution File, Format Version 12.00
# Visual Studio Version 17
VisualStudioVersion = 17.0.31903.59
MinimumVisualStudioVersion = 10.0.40219.1
Project("{2150E333-8FDC-42A3-9474-1A3956D46DE8}") = "src", "src", "{827E0CD3-B72D-47B6-A68D-7590B98EB39B}"
EndProject
Project("{2150E333-8FDC-42A3-9474-1A3956D46DE8}") = "ResumeAPI.API", "ResumeAPI.API", "{5E529531-46F1-0C49-1D53-44D801B2E30F}"
EndProject
Project("{FAE04EC0-301F-11D3-BF4B-00C04F79EFBC}") = "ResumeAPI", "src\ResumeAPI.API\ResumeAPI.csproj", "{400AEF68-B0EA-442B-A4EE-3641C973922F}"
EndProject
Global
	GlobalSection(SolutionConfigurationPlatforms) = preSolution
		Debug|Any CPU = Debug|Any CPU
		Debug|x64 = Debug|x64
		Debug|x86 = Debug|x86
		Release|Any CPU = Release|Any CPU
		Release|x64 = Release|x64
		Release|x86 = Release|x86
	EndGlobalSection
	GlobalSection(ProjectConfigurationPlatforms) = postSolution
		{400AEF68-B0EA-442B-A4EE-3641C973922F}.Debug|Any CPU.ActiveCfg = Debug|Any CPU
		{400AEF68-B0EA-442B-A4EE-3641C973922F}.Debug|Any CPU.Build.0 = Debug|Any CPU
		{400AEF68-B0EA-442B-A4EE-3641C973922F}.Debug|x64.ActiveCfg = Debug|Any CPU
		{400AEF68-B0EA-442B-A4EE-3641C973922F}.Debug|x64.Build.0 = Debug|Any CPU
		{400AEF68-B0EA-442B-A4EE-3641C973922F}.Debug|x86.ActiveCfg = Debug|Any CPU
		{400AEF68-B0EA-442B-A4EE-3641C973922F}.Debug|x86.Build.0 = Debug|Any CPU
		{400AEF68-B0EA-442B-A4EE-3641C973922F}.Release|Any CPU.ActiveCfg = Release|Any CPU
		{400AEF68-B0EA-442B-A4EE-3641C973922F}.Release|Any CPU.Build.0 = Release|Any CPU
		{400AEF68-B0EA-442B-A4EE-3641C973922F}.Release|x64.ActiveCfg = Release|Any CPU
		{400AEF68-B0EA-442B-A4EE-3641C973922F}.Release|x64.Build.0 = Release|Any CPU
		{400AEF68-B0EA-442B-A4EE-3641C973922F}.Release|x86.ActiveCfg = Release|Any CPU
		{400AEF68-B0EA-442B-A4EE-3641C973922F}.Release|x86.Build.0 = Release|Any CPU
	EndGlobalSection
	GlobalSection(SolutionProperties) = preSolution
		HideSolutionNode = FALSE
	EndGlobalSection
	GlobalSection(NestedProjects) = preSolution
		{5E529531-46F1-0C49-1D53-44D801B2E30F} = {827E0CD3-B72D-47B6-A68D-7590B98EB39B}
		{400AEF68-B0EA-442B-A4EE-3641C973922F} = {5E529531-46F1-0C49-1D53-44D801B2E30F}
	EndGlobalSection
EndGlobal
